
Microsoft Visual Studio Solution File, Format Version 12.00
# Visual Studio Version 16
VisualStudioVersion = 16.0.31205.134
MinimumVisualStudioVersion = 10.0.40219.1
Project("{FAE04EC0-301F-11D3-BF4B-00C04F79EFBC}") = "Todo", "Todo\Todo.csproj", "{620F65E6-9103-4EEF-87CA-946CEF05E012}"
EndProject
Global
	GlobalSection(SolutionConfigurationPlatforms) = preSolution
		Debug|Any CPU = Debug|Any CPU
		Release|Any CPU = Release|Any CPU
	EndGlobalSection
	GlobalSection(ProjectConfigurationPlatforms) = postSolution
		{620F65E6-9103-4EEF-87CA-946CEF05E012}.Debug|Any CPU.ActiveCfg = Debug|Any CPU
		{620F65E6-9103-4EEF-87CA-946CEF05E012}.Debug|Any CPU.Build.0 = Debug|Any CPU
		{620F65E6-9103-4EEF-87CA-946CEF05E012}.Release|Any CPU.ActiveCfg = Release|Any CPU
		{620F65E6-9103-4EEF-87CA-946CEF05E012}.Release|Any CPU.Build.0 = Release|Any CPU
	EndGlobalSection
	GlobalSection(SolutionProperties) = preSolution
		HideSolutionNode = FALSE
	EndGlobalSection
	GlobalSection(ExtensibilityGlobals) = postSolution
		SolutionGuid = {7BF564E6-1E37-4EDE-B497-DCEBF56714E5}
	EndGlobalSection
EndGlobal
